
Microsoft Visual Studio Solution File, Format Version 12.00
# Visual Studio Version 16
VisualStudioVersion = 16.0.28803.202
MinimumVisualStudioVersion = 10.0.40219.1
Project("{FAE04EC0-301F-11D3-BF4B-00C04F79EFBC}") = "Exercise1", "GCEXERCISE\Exercise1.csproj", "{1FE37856-42F9-4D41-8B2D-FF47902A1560}"
EndProject
Global
	GlobalSection(SolutionConfigurationPlatforms) = preSolution
		Debug|Any CPU = Debug|Any CPU
		Release|Any CPU = Release|Any CPU
	EndGlobalSection
	GlobalSection(ProjectConfigurationPlatforms) = postSolution
		{1FE37856-42F9-4D41-8B2D-FF47902A1560}.Debug|Any CPU.ActiveCfg = Debug|Any CPU
		{1FE37856-42F9-4D41-8B2D-FF47902A1560}.Debug|Any CPU.Build.0 = Debug|Any CPU
		{1FE37856-42F9-4D41-8B2D-FF47902A1560}.Release|Any CPU.ActiveCfg = Release|Any CPU
		{1FE37856-42F9-4D41-8B2D-FF47902A1560}.Release|Any CPU.Build.0 = Release|Any CPU
	EndGlobalSection
	GlobalSection(SolutionProperties) = preSolution
		HideSolutionNode = FALSE
	EndGlobalSection
	GlobalSection(ExtensibilityGlobals) = postSolution
		SolutionGuid = {3A10D3FC-F151-4F7F-8CD8-445FAF85C95B}
	EndGlobalSection
EndGlobal
